Microsoft Visual Studio Solution File, Format Version 12.00
# Visual Studio Version 16
VisualStudioVersion = 16.0.28315.86
MinimumVisualStudioVersion = 10.0.40219.1
Project("{FAE04EC0-301F-11D3-BF4B-00C04F79EFBC}") = "Game", "Source\Game.csproj", "{3B369303-E6C3-48B8-9829-F5F657F29F57}"
EndProject
Project("{FAE04EC0-301F-11D3-BF4B-00C04F79EFBC}") = "BuildScripts", "Cache\Projects\BuildScripts.csproj", "{FF120E83-8C08-419D-8E35-E5237E802899}"
EndProject
Global
	GlobalSection(SolutionConfigurationPlatforms) = preSolution
		Debug|Any CPU = Debug|Any CPU
		Debug|UWP_x64 = Debug|UWP_x64
		Debug|Win32 = Debug|Win32
		Debug|Win64 = Debug|Win64
		Debug|XboxOne = Debug|XboxOne
		Editor.Debug|Any CPU = Editor.Debug|Any CPU
		Editor.Debug|UWP_x64 = Editor.Debug|UWP_x64
		Editor.Debug|Win32 = Editor.Debug|Win32
		Editor.Debug|Win64 = Editor.Debug|Win64
		Editor.Debug|XboxOne = Editor.Debug|XboxOne
		Editor.Development|Any CPU = Editor.Development|Any CPU
		Editor.Development|UWP_x64 = Editor.Development|UWP_x64
		Editor.Development|Win32 = Editor.Development|Win32
		Editor.Development|Win64 = Editor.Development|Win64
		Editor.Development|XboxOne = Editor.Development|XboxOne
		Editor.Release|Any CPU = Editor.Release|Any CPU
		Editor.Release|UWP_x64 = Editor.Release|UWP_x64
		Editor.Release|Win32 = Editor.Release|Win32
		Editor.Release|Win64 = Editor.Release|Win64
		Editor.Release|XboxOne = Editor.Release|XboxOne
		Game.Debug|Any CPU = Game.Debug|Any CPU
		Game.Debug|UWP_x64 = Game.Debug|UWP_x64
		Game.Debug|Win32 = Game.Debug|Win32
		Game.Debug|Win64 = Game.Debug|Win64
		Game.Debug|XboxOne = Game.Debug|XboxOne
		Game.Development|Any CPU = Game.Development|Any CPU
		Game.Development|UWP_x64 = Game.Development|UWP_x64
		Game.Development|Win32 = Game.Development|Win32
		Game.Development|Win64 = Game.Development|Win64
		Game.Development|XboxOne = Game.Development|XboxOne
		Game.Release|Any CPU = Game.Release|Any CPU
		Game.Release|UWP_x64 = Game.Release|UWP_x64
		Game.Release|Win32 = Game.Release|Win32
		Game.Release|Win64 = Game.Release|Win64
		Game.Release|XboxOne = Game.Release|XboxOne
	EndGlobalSection
	GlobalSection(ProjectConfigurationPlatforms) = postSolution
		{3B369303-E6C3-48B8-9829-F5F657F29F57}.Debug|Any CPU.ActiveCfg = Editor.Windows.Debug|x64
		{3B369303-E6C3-48B8-9829-F5F657F29F57}.Debug|UWP_x64.ActiveCfg = Game.UWP.Debug|x64
		{3B369303-E6C3-48B8-9829-F5F657F29F57}.Debug|Win32.ActiveCfg = Game.Windows.Debug|Win32
		{3B369303-E6C3-48B8-9829-F5F657F29F57}.Debug|Win64.ActiveCfg = Editor.Windows.Debug|x64
		{3B369303-E6C3-48B8-9829-F5F657F29F57}.Debug|XboxOne.ActiveCfg = Game.XboxOne.Debug|x64
		{3B369303-E6C3-48B8-9829-F5F657F29F57}.Editor.Debug|Any CPU.ActiveCfg = Editor.Windows.Debug|x64
		{3B369303-E6C3-48B8-9829-F5F657F29F57}.Editor.Debug|UWP_x64.ActiveCfg = Game.UWP.Debug|x64
		{3B369303-E6C3-48B8-9829-F5F657F29F57}.Editor.Debug|Win32.ActiveCfg = Game.Windows.Debug|Win32
		{3B369303-E6C3-48B8-9829-F5F657F29F57}.Editor.Debug|Win64.ActiveCfg = Editor.Windows.Debug|x64
		{3B369303-E6C3-48B8-9829-F5F657F29F57}.Editor.Debug|Win64.Build.0 = Editor.Windows.Debug|x64
		{3B369303-E6C3-48B8-9829-F5F657F29F57}.Editor.Debug|XboxOne.ActiveCfg = Game.XboxOne.Debug|x64
		{3B369303-E6C3-48B8-9829-F5F657F29F57}.Editor.Development|Any CPU.ActiveCfg = Editor.Windows.Debug|x64
		{3B369303-E6C3-48B8-9829-F5F657F29F57}.Editor.Development|UWP_x64.ActiveCfg = Game.UWP.Debug|x64
		{3B369303-E6C3-48B8-9829-F5F657F29F57}.Editor.Development|Win32.ActiveCfg = Game.Windows.Debug|Win32
		{3B369303-E6C3-48B8-9829-F5F657F29F57}.Editor.Development|Win64.ActiveCfg = Editor.Windows.Development|x64
		{3B369303-E6C3-48B8-9829-F5F657F29F57}.Editor.Development|Win64.Build.0 = Editor.Windows.Development|x64
		{3B369303-E6C3-48B8-9829-F5F657F29F57}.Editor.Development|XboxOne.ActiveCfg = Game.XboxOne.Debug|x64
		{3B369303-E6C3-48B8-9829-F5F657F29F57}.Editor.Release|Any CPU.ActiveCfg = Editor.Windows.Debug|x64
		{3B369303-E6C3-48B8-9829-F5F657F29F57}.Editor.Release|UWP_x64.ActiveCfg = Game.UWP.Debug|x64
		{3B369303-E6C3-48B8-9829-F5F657F29F57}.Editor.Release|Win32.ActiveCfg = Game.Windows.Debug|Win32
		{3B369303-E6C3-48B8-9829-F5F657F29F57}.Editor.Release|Win64.ActiveCfg = Editor.Windows.Release|x64
		{3B369303-E6C3-48B8-9829-F5F657F29F57}.Editor.Release|Win64.Build.0 = Editor.Windows.Release|x64
		{3B369303-E6C3-48B8-9829-F5F657F29F57}.Editor.Release|XboxOne.ActiveCfg = Game.XboxOne.Debug|x64
		{3B369303-E6C3-48B8-9829-F5F657F29F57}.Game.Debug|Any CPU.ActiveCfg = Editor.Windows.Debug|x64
		{3B369303-E6C3-48B8-9829-F5F657F29F57}.Game.Debug|UWP_x64.ActiveCfg = Game.UWP.Debug|x64
		{3B369303-E6C3-48B8-9829-F5F657F29F57}.Game.Debug|UWP_x64.Build.0 = Game.UWP.Debug|x64
		{3B369303-E6C3-48B8-9829-F5F657F29F57}.Game.Debug|Win32.ActiveCfg = Game.Windows.Debug|Win32
		{3B369303-E6C3-48B8-9829-F5F657F29F57}.Game.Debug|Win32.Build.0 = Game.Windows.Debug|Win32
		{3B369303-E6C3-48B8-9829-F5F657F29F57}.Game.Debug|Win64.ActiveCfg = Game.Windows.Debug|x64
		{3B369303-E6C3-48B8-9829-F5F657F29F57}.Game.Debug|Win64.Build.0 = Game.Windows.Debug|x64
		{3B369303-E6C3-48B8-9829-F5F657F29F57}.Game.Debug|XboxOne.ActiveCfg = Game.XboxOne.Debug|x64
		{3B369303-E6C3-48B8-9829-F5F657F29F57}.Game.Debug|XboxOne.Build.0 = Game.XboxOne.Debug|x64
		{3B369303-E6C3-48B8-9829-F5F657F29F57}.Game.Development|Any CPU.ActiveCfg = Editor.Windows.Debug|x64
		{3B369303-E6C3-48B8-9829-F5F657F29F57}.Game.Development|UWP_x64.ActiveCfg = Game.UWP.Development|x64
		{3B369303-E6C3-48B8-9829-F5F657F29F57}.Game.Development|UWP_x64.Build.0 = Game.UWP.Development|x64
		{3B369303-E6C3-48B8-9829-F5F657F29F57}.Game.Development|Win32.ActiveCfg = Game.Windows.Development|Win32
		{3B369303-E6C3-48B8-9829-F5F657F29F57}.Game.Development|Win32.Build.0 = Game.Windows.Development|Win32
		{3B369303-E6C3-48B8-9829-F5F657F29F57}.Game.Development|Win64.ActiveCfg = Game.Windows.Development|x64
		{3B369303-E6C3-48B8-9829-F5F657F29F57}.Game.Development|Win64.Build.0 = Game.Windows.Development|x64
		{3B369303-E6C3-48B8-9829-F5F657F29F57}.Game.Development|XboxOne.ActiveCfg = Game.XboxOne.Development|x64
		{3B369303-E6C3-48B8-9829-F5F657F29F57}.Game.Development|XboxOne.Build.0 = Game.XboxOne.Development|x64
		{3B369303-E6C3-48B8-9829-F5F657F29F57}.Game.Release|Any CPU.ActiveCfg = Editor.Windows.Debug|x64
		{3B369303-E6C3-48B8-9829-F5F657F29F57}.Game.Release|UWP_x64.ActiveCfg = Game.UWP.Release|x64
		{3B369303-E6C3-48B8-9829-F5F657F29F57}.Game.Release|UWP_x64.Build.0 = Game.UWP.Release|x64
		{3B369303-E6C3-48B8-9829-F5F657F29F57}.Game.Release|Win32.ActiveCfg = Game.Windows.Release|Win32
		{3B369303-E6C3-48B8-9829-F5F657F29F57}.Game.Release|Win32.Build.0 = Game.Windows.Release|Win32
		{3B369303-E6C3-48B8-9829-F5F657F29F57}.Game.Release|Win64.ActiveCfg = Game.Windows.Release|x64
		{3B369303-E6C3-48B8-9829-F5F657F29F57}.Game.Release|Win64.Build.0 = Game.Windows.Release|x64
		{3B369303-E6C3-48B8-9829-F5F657F29F57}.Game.Release|XboxOne.ActiveCfg = Game.XboxOne.Release|x64
		{3B369303-E6C3-48B8-9829-F5F657F29F57}.Game.Release|XboxOne.Build.0 = Game.XboxOne.Release|x64
		{FF120E83-8C08-419D-8E35-E5237E802899}.Debug|Any CPU.ActiveCfg = Debug|Any CPU
		{FF120E83-8C08-419D-8E35-E5237E802899}.Debug|UWP_x64.ActiveCfg = Debug|Any CPU
		{FF120E83-8C08-419D-8E35-E5237E802899}.Debug|Win32.ActiveCfg = Debug|Any CPU
		{FF120E83-8C08-419D-8E35-E5237E802899}.Debug|Win64.ActiveCfg = Debug|Any CPU
		{FF120E83-8C08-419D-8E35-E5237E802899}.Debug|XboxOne.ActiveCfg = Debug|Any CPU
		{FF120E83-8C08-419D-8E35-E5237E802899}.Editor.Debug|Any CPU.ActiveCfg = Debug|Any CPU
		{FF120E83-8C08-419D-8E35-E5237E802899}.Editor.Debug|UWP_x64.ActiveCfg = Debug|Any CPU
		{FF120E83-8C08-419D-8E35-E5237E802899}.Editor.Debug|Win32.ActiveCfg = Debug|Any CPU
		{FF120E83-8C08-419D-8E35-E5237E802899}.Editor.Debug|Win64.ActiveCfg = Debug|Any CPU
		{FF120E83-8C08-419D-8E35-E5237E802899}.Editor.Debug|XboxOne.ActiveCfg = Debug|Any CPU
		{FF120E83-8C08-419D-8E35-E5237E802899}.Editor.Development|Any CPU.ActiveCfg = Debug|Any CPU
		{FF120E83-8C08-419D-8E35-E5237E802899}.Editor.Development|UWP_x64.ActiveCfg = Debug|Any CPU
		{FF120E83-8C08-419D-8E35-E5237E802899}.Editor.Development|Win32.ActiveCfg = Debug|Any CPU
		{FF120E83-8C08-419D-8E35-E5237E802899}.Editor.Development|Win64.ActiveCfg = Debug|Any CPU
		{FF120E83-8C08-419D-8E35-E5237E802899}.Editor.Development|XboxOne.ActiveCfg = Debug|Any CPU
		{FF120E83-8C08-419D-8E35-E5237E802899}.Editor.Release|Any CPU.ActiveCfg = Debug|Any CPU
		{FF120E83-8C08-419D-8E35-E5237E802899}.Editor.Release|UWP_x64.ActiveCfg = Debug|Any CPU
		{FF120E83-8C08-419D-8E35-E5237E802899}.Editor.Release|Win32.ActiveCfg = Debug|Any CPU
		{FF120E83-8C08-419D-8E35-E5237E802899}.Editor.Release|Win64.ActiveCfg = Debug|Any CPU
		{FF120E83-8C08-419D-8E35-E5237E802899}.Editor.Release|XboxOne.ActiveCfg = Debug|Any CPU
		{FF120E83-8C08-419D-8E35-E5237E802899}.Game.Debug|Any CPU.ActiveCfg = Debug|Any CPU
		{FF120E83-8C08-419D-8E35-E5237E802899}.Game.Debug|UWP_x64.ActiveCfg = Debug|Any CPU
		{FF120E83-8C08-419D-8E35-E5237E802899}.Game.Debug|Win32.ActiveCfg = Debug|Any CPU
		{FF120E83-8C08-419D-8E35-E5237E802899}.Game.Debug|Win64.ActiveCfg = Debug|Any CPU
		{FF120E83-8C08-419D-8E35-E5237E802899}.Game.Debug|XboxOne.ActiveCfg = Debug|Any CPU
		{FF120E83-8C08-419D-8E35-E5237E802899}.Game.Development|Any CPU.ActiveCfg = Debug|Any CPU
		{FF120E83-8C08-419D-8E35-E5237E802899}.Game.Development|UWP_x64.ActiveCfg = Debug|Any CPU
		{FF120E83-8C08-419D-8E35-E5237E802899}.Game.Development|Win32.ActiveCfg = Debug|Any CPU
		{FF120E83-8C08-419D-8E35-E5237E802899}.Game.Development|Win64.ActiveCfg = Debug|Any CPU
		{FF120E83-8C08-419D-8E35-E5237E802899}.Game.Development|XboxOne.ActiveCfg = Debug|Any CPU
		{FF120E83-8C08-419D-8E35-E5237E802899}.Game.Release|Any CPU.ActiveCfg = Debug|Any CPU
		{FF120E83-8C08-419D-8E35-E5237E802899}.Game.Release|UWP_x64.ActiveCfg = Debug|Any CPU
		{FF120E83-8C08-419D-8E35-E5237E802899}.Game.Release|Win32.ActiveCfg = Debug|Any CPU
		{FF120E83-8C08-419D-8E35-E5237E802899}.Game.Release|Win64.ActiveCfg = Debug|Any CPU
		{FF120E83-8C08-419D-8E35-E5237E802899}.Game.Release|XboxOne.ActiveCfg = Debug|Any CPU
	EndGlobalSection
	GlobalSection(SolutionProperties) = preSolution
		HideSolutionNode = FALSE
	EndGlobalSection
	GlobalSection(NestedProjects) = preSolution
	EndGlobalSection
	GlobalSection(ExtensibilityGlobals) = postSolution
		SolutionGuid = {FB5109EE-28A1-4725-BF9F-3C642051794C}
	EndGlobalSection
EndGlobal
